
Microsoft Visual Studio Solution File, Format Version 12.00
# Visual Studio Version 17
VisualStudioVersion = 17.0.31903.59
MinimumVisualStudioVersion = 10.0.40219.1
Project("{9A19103F-16F7-4668-BE54-9A1E7A4F7556}") = "ConfSys.Domain", "ConfSys.Domain\ConfSys.Domain.csproj", "{9C54D0BC-1047-4596-A55D-F49A6483929D}"
EndProject
Project("{9A19103F-16F7-4668-BE54-9A1E7A4F7556}") = "ConfSys.Data", "ConfSys.Data\ConfSys.Data.csproj", "{C1157D63-3F3F-4262-9996-F8C1CBCD19DD}"
EndProject
Project("{9A19103F-16F7-4668-BE54-9A1E7A4F7556}") = "ConfSys.Service", "ConfSys.Service\ConfSys.Service.csproj", "{7D136880-BAC9-47E8-BF9F-32AB8EBFDE97}"
EndProject
Project("{9A19103F-16F7-4668-BE54-9A1E7A4F7556}") = "ConfSys.Api", "ConfSys.Api\ConfSys.Api.csproj", "{DA5BFE19-54EC-434D-A5B7-79C7AD44001A}"
EndProject
Project("{2150E333-8FDC-42A3-9474-1A3956D46DE8}") = "2.Data", "2.Data", "{CBD920B7-2246-4527-8ACB-C3BBD8B21043}"
EndProject
Project("{2150E333-8FDC-42A3-9474-1A3956D46DE8}") = "3.Services", "3.Services", "{992E32F5-9568-4EB9-8531-80D71BFEEC62}"
EndProject
Project("{2150E333-8FDC-42A3-9474-1A3956D46DE8}") = "4.EndPoint", "4.EndPoint", "{0AFC2CEA-99D4-4D53-A254-35923D6D2BA1}"
EndProject
Project("{2150E333-8FDC-42A3-9474-1A3956D46DE8}") = "1.Shared", "1.Shared", "{4FE78E0A-3F3D-42B3-B4F6-F6E9B3B28B07}"
EndProject
Project("{9A19103F-16F7-4668-BE54-9A1E7A4F7556}") = "ConfSys.Shared", "ConfSys.Shared\ConfSys.Shared.csproj", "{188E9085-1420-4AC2-9DA5-259928252C6A}"
EndProject
Global
	GlobalSection(SolutionConfigurationPlatforms) = preSolution
		Debug|Any CPU = Debug|Any CPU
		Release|Any CPU = Release|Any CPU
	EndGlobalSection
	GlobalSection(ProjectConfigurationPlatforms) = postSolution
		{9C54D0BC-1047-4596-A55D-F49A6483929D}.Debug|Any CPU.ActiveCfg = Debug|Any CPU
		{9C54D0BC-1047-4596-A55D-F49A6483929D}.Debug|Any CPU.Build.0 = Debug|Any CPU
		{9C54D0BC-1047-4596-A55D-F49A6483929D}.Release|Any CPU.ActiveCfg = Release|Any CPU
		{9C54D0BC-1047-4596-A55D-F49A6483929D}.Release|Any CPU.Build.0 = Release|Any CPU
		{C1157D63-3F3F-4262-9996-F8C1CBCD19DD}.Debug|Any CPU.ActiveCfg = Debug|Any CPU
		{C1157D63-3F3F-4262-9996-F8C1CBCD19DD}.Debug|Any CPU.Build.0 = Debug|Any CPU
		{C1157D63-3F3F-4262-9996-F8C1CBCD19DD}.Release|Any CPU.ActiveCfg = Release|Any CPU
		{C1157D63-3F3F-4262-9996-F8C1CBCD19DD}.Release|Any CPU.Build.0 = Release|Any CPU
		{7D136880-BAC9-47E8-BF9F-32AB8EBFDE97}.Debug|Any CPU.ActiveCfg = Debug|Any CPU
		{7D136880-BAC9-47E8-BF9F-32AB8EBFDE97}.Debug|Any CPU.Build.0 = Debug|Any CPU
		{7D136880-BAC9-47E8-BF9F-32AB8EBFDE97}.Release|Any CPU.ActiveCfg = Release|Any CPU
		{7D136880-BAC9-47E8-BF9F-32AB8EBFDE97}.Release|Any CPU.Build.0 = Release|Any CPU
		{DA5BFE19-54EC-434D-A5B7-79C7AD44001A}.Debug|Any CPU.ActiveCfg = Debug|Any CPU
		{DA5BFE19-54EC-434D-A5B7-79C7AD44001A}.Debug|Any CPU.Build.0 = Debug|Any CPU
		{DA5BFE19-54EC-434D-A5B7-79C7AD44001A}.Release|Any CPU.ActiveCfg = Release|Any CPU
		{DA5BFE19-54EC-434D-A5B7-79C7AD44001A}.Release|Any CPU.Build.0 = Release|Any CPU
		{188E9085-1420-4AC2-9DA5-259928252C6A}.Debug|Any CPU.ActiveCfg = Debug|Any CPU
		{188E9085-1420-4AC2-9DA5-259928252C6A}.Debug|Any CPU.Build.0 = Debug|Any CPU
		{188E9085-1420-4AC2-9DA5-259928252C6A}.Release|Any CPU.ActiveCfg = Release|Any CPU
		{188E9085-1420-4AC2-9DA5-259928252C6A}.Release|Any CPU.Build.0 = Release|Any CPU
	EndGlobalSection
	GlobalSection(SolutionProperties) = preSolution
		HideSolutionNode = FALSE
	EndGlobalSection
	GlobalSection(NestedProjects) = preSolution
		{9C54D0BC-1047-4596-A55D-F49A6483929D} = {CBD920B7-2246-4527-8ACB-C3BBD8B21043}
		{C1157D63-3F3F-4262-9996-F8C1CBCD19DD} = {CBD920B7-2246-4527-8ACB-C3BBD8B21043}
		{7D136880-BAC9-47E8-BF9F-32AB8EBFDE97} = {992E32F5-9568-4EB9-8531-80D71BFEEC62}
		{DA5BFE19-54EC-434D-A5B7-79C7AD44001A} = {0AFC2CEA-99D4-4D53-A254-35923D6D2BA1}
		{188E9085-1420-4AC2-9DA5-259928252C6A} = {4FE78E0A-3F3D-42B3-B4F6-F6E9B3B28B07}
	EndGlobalSection
	GlobalSection(ExtensibilityGlobals) = postSolution
		SolutionGuid = {A9EA86A0-AFF1-41E1-B91D-71399A641974}
	EndGlobalSection
EndGlobal
